
Microsoft Visual Studio Solution File, Format Version 12.00
# Visual Studio 15
VisualStudioVersion = 15.0.27428.2037
MinimumVisualStudioVersion = 10.0.40219.1
Project("{9A19103F-16F7-4668-BE54-9A1E7A4F7556}") = "FileManager", "FileManager\FileManager.csproj", "{363AA0FB-3AB6-4097-8F11-A9A3099D8949}"
EndProject
Project("{9A19103F-16F7-4668-BE54-9A1E7A4F7556}") = "WebAPIMonitor.Test", "WebAPIMonitor.Test\WebAPIMonitor.Test.csproj", "{ECDFA788-4F7E-4B54-838D-4811CD90980D}"
EndProject
Project("{9A19103F-16F7-4668-BE54-9A1E7A4F7556}") = "WebAPIMonitor.NETCore.Models", "WebAPIMonitor.NETCore.Models\WebAPIMonitor.NETCore.Models.csproj", "{4104C0F9-FB63-40C1-A05E-1E8DB3B9AFEB}"
EndProject
Project("{9A19103F-16F7-4668-BE54-9A1E7A4F7556}") = "WebAPIMonitor.NETCore.BLL", "WebAPIMonitor.NETCore.BLL\WebAPIMonitor.NETCore.BLL.csproj", "{EE46CAE9-3C3F-40E5-93D9-A130ACABC6F0}"
EndProject
Project("{9A19103F-16F7-4668-BE54-9A1E7A4F7556}") = "WebAPIMonitor.NETCore.WebAPI", "WebAPIMonitor.NETCore.WebAPI\WebAPIMonitor.NETCore.WebAPI.csproj", "{74BF6E81-099C-4A1B-8C5A-EFECBCC6A594}"
EndProject
Project("{9A19103F-16F7-4668-BE54-9A1E7A4F7556}") = "RazorPagesMovie", "RazorPagesMovie\RazorPagesMovie.csproj", "{88A4E445-7EAD-4224-9EF0-5926B32D9D25}"
EndProject
Project("{9A19103F-16F7-4668-BE54-9A1E7A4F7556}") = "WebAPIMonitor.NETCore.KafkaTest", "WebAPIMonitor.NETCore.KafkaTest\WebAPIMonitor.NETCore.KafkaTest.csproj", "{D9CF5818-EDE0-47D0-961B-666A9EAD6353}"
EndProject
Project("{2150E333-8FDC-42A3-9474-1A3956D46DE8}") = "BusinessLogic 业务逻辑模块", "BusinessLogic 业务逻辑模块", "{68940556-DF68-4B21-9998-05E30BB7F922}"
EndProject
Project("{2150E333-8FDC-42A3-9474-1A3956D46DE8}") = "TestModule", "TestModule", "{9DE7A017-29C8-41E7-9F5F-99E225DE8CB9}"
EndProject
Project("{FAE04EC0-301F-11D3-BF4B-00C04F79EFBC}") = "WebAPIMonitor.NETCore.IBLL", "WebAPIMonitor.NETCore.IBLL\WebAPIMonitor.NETCore.IBLL.csproj", "{B302DEEB-EB1A-413A-A189-24C17AB68CBB}"
EndProject
Global
	GlobalSection(SolutionConfigurationPlatforms) = preSolution
		Debug|Any CPU = Debug|Any CPU
		Release|Any CPU = Release|Any CPU
	EndGlobalSection
	GlobalSection(ProjectConfigurationPlatforms) = postSolution
		{363AA0FB-3AB6-4097-8F11-A9A3099D8949}.Debug|Any CPU.ActiveCfg = Debug|Any CPU
		{363AA0FB-3AB6-4097-8F11-A9A3099D8949}.Debug|Any CPU.Build.0 = Debug|Any CPU
		{363AA0FB-3AB6-4097-8F11-A9A3099D8949}.Release|Any CPU.ActiveCfg = Release|Any CPU
		{363AA0FB-3AB6-4097-8F11-A9A3099D8949}.Release|Any CPU.Build.0 = Release|Any CPU
		{ECDFA788-4F7E-4B54-838D-4811CD90980D}.Debug|Any CPU.ActiveCfg = Debug|Any CPU
		{ECDFA788-4F7E-4B54-838D-4811CD90980D}.Debug|Any CPU.Build.0 = Debug|Any CPU
		{ECDFA788-4F7E-4B54-838D-4811CD90980D}.Release|Any CPU.ActiveCfg = Release|Any CPU
		{ECDFA788-4F7E-4B54-838D-4811CD90980D}.Release|Any CPU.Build.0 = Release|Any CPU
		{4104C0F9-FB63-40C1-A05E-1E8DB3B9AFEB}.Debug|Any CPU.ActiveCfg = Debug|Any CPU
		{4104C0F9-FB63-40C1-A05E-1E8DB3B9AFEB}.Debug|Any CPU.Build.0 = Debug|Any CPU
		{4104C0F9-FB63-40C1-A05E-1E8DB3B9AFEB}.Release|Any CPU.ActiveCfg = Release|Any CPU
		{4104C0F9-FB63-40C1-A05E-1E8DB3B9AFEB}.Release|Any CPU.Build.0 = Release|Any CPU
		{EE46CAE9-3C3F-40E5-93D9-A130ACABC6F0}.Debug|Any CPU.ActiveCfg = Debug|Any CPU
		{EE46CAE9-3C3F-40E5-93D9-A130ACABC6F0}.Debug|Any CPU.Build.0 = Debug|Any CPU
		{EE46CAE9-3C3F-40E5-93D9-A130ACABC6F0}.Release|Any CPU.ActiveCfg = Release|Any CPU
		{EE46CAE9-3C3F-40E5-93D9-A130ACABC6F0}.Release|Any CPU.Build.0 = Release|Any CPU
		{74BF6E81-099C-4A1B-8C5A-EFECBCC6A594}.Debug|Any CPU.ActiveCfg = Debug|Any CPU
		{74BF6E81-099C-4A1B-8C5A-EFECBCC6A594}.Debug|Any CPU.Build.0 = Debug|Any CPU
		{74BF6E81-099C-4A1B-8C5A-EFECBCC6A594}.Release|Any CPU.ActiveCfg = Release|Any CPU
		{74BF6E81-099C-4A1B-8C5A-EFECBCC6A594}.Release|Any CPU.Build.0 = Release|Any CPU
		{88A4E445-7EAD-4224-9EF0-5926B32D9D25}.Debug|Any CPU.ActiveCfg = Debug|Any CPU
		{88A4E445-7EAD-4224-9EF0-5926B32D9D25}.Debug|Any CPU.Build.0 = Debug|Any CPU
		{88A4E445-7EAD-4224-9EF0-5926B32D9D25}.Release|Any CPU.ActiveCfg = Release|Any CPU
		{88A4E445-7EAD-4224-9EF0-5926B32D9D25}.Release|Any CPU.Build.0 = Release|Any CPU
		{D9CF5818-EDE0-47D0-961B-666A9EAD6353}.Debug|Any CPU.ActiveCfg = Debug|Any CPU
		{D9CF5818-EDE0-47D0-961B-666A9EAD6353}.Debug|Any CPU.Build.0 = Debug|Any CPU
		{D9CF5818-EDE0-47D0-961B-666A9EAD6353}.Release|Any CPU.ActiveCfg = Release|Any CPU
		{D9CF5818-EDE0-47D0-961B-666A9EAD6353}.Release|Any CPU.Build.0 = Release|Any CPU
		{B302DEEB-EB1A-413A-A189-24C17AB68CBB}.Debug|Any CPU.ActiveCfg = Debug|Any CPU
		{B302DEEB-EB1A-413A-A189-24C17AB68CBB}.Debug|Any CPU.Build.0 = Debug|Any CPU
		{B302DEEB-EB1A-413A-A189-24C17AB68CBB}.Release|Any CPU.ActiveCfg = Release|Any CPU
		{B302DEEB-EB1A-413A-A189-24C17AB68CBB}.Release|Any CPU.Build.0 = Release|Any CPU
	EndGlobalSection
	GlobalSection(SolutionProperties) = preSolution
		HideSolutionNode = FALSE
	EndGlobalSection
	GlobalSection(NestedProjects) = preSolution
		{ECDFA788-4F7E-4B54-838D-4811CD90980D} = {9DE7A017-29C8-41E7-9F5F-99E225DE8CB9}
		{4104C0F9-FB63-40C1-A05E-1E8DB3B9AFEB} = {68940556-DF68-4B21-9998-05E30BB7F922}
		{EE46CAE9-3C3F-40E5-93D9-A130ACABC6F0} = {68940556-DF68-4B21-9998-05E30BB7F922}
		{D9CF5818-EDE0-47D0-961B-666A9EAD6353} = {9DE7A017-29C8-41E7-9F5F-99E225DE8CB9}
		{B302DEEB-EB1A-413A-A189-24C17AB68CBB} = {68940556-DF68-4B21-9998-05E30BB7F922}
	EndGlobalSection
	GlobalSection(ExtensibilityGlobals) = postSolution
		SolutionGuid = {E5F7C1DF-1884-48D4-978A-D7BCFA660D2A}
	EndGlobalSection
EndGlobal
