
Microsoft Visual Studio Solution File, Format Version 12.00
# Visual Studio 15
VisualStudioVersion = 15.0.27428.2037
MinimumVisualStudioVersion = 10.0.40219.1
Project("{9A19103F-16F7-4668-BE54-9A1E7A4F7556}") = "FileManager", "FileManager\FileManager.csproj", "{363AA0FB-3AB6-4097-8F11-A9A3099D8949}"
EndProject
Project("{9A19103F-16F7-4668-BE54-9A1E7A4F7556}") = "WebAPIMonitor.Test", "WebAPIMonitor.Test\WebAPIMonitor.Test.csproj", "{ECDFA788-4F7E-4B54-838D-4811CD90980D}"
EndProject
Project("{9A19103F-16F7-4668-BE54-9A1E7A4F7556}") = "WebAPIMonitor.NETCore.Models", "WebAPIMonitor.NETCore.Models\WebAPIMonitor.NETCore.Models.csproj", "{4104C0F9-FB63-40C1-A05E-1E8DB3B9AFEB}"
EndProject
Project("{9A19103F-16F7-4668-BE54-9A1E7A4F7556}") = "WebAPIMonitor.NETCore.BLL", "WebAPIMonitor.NETCore.BLL\WebAPIMonitor.NETCore.BLL.csproj", "{EE46CAE9-3C3F-40E5-93D9-A130ACABC6F0}"
EndProject
Project("{9A19103F-16F7-4668-BE54-9A1E7A4F7556}") = "WebAPIMonitor.NETCore.WebAPI", "WebAPIMonitor.NETCore.WebAPI\WebAPIMonitor.NETCore.WebAPI.csproj", "{74BF6E81-099C-4A1B-8C5A-EFECBCC6A594}"
EndProject
Project("{9A19103F-16F7-4668-BE54-9A1E7A4F7556}") = "RazorPagesMovie", "RazorPagesMovie\RazorPagesMovie.csproj", "{88A4E445-7EAD-4224-9EF0-5926B32D9D25}"
EndProject
Project("{9A19103F-16F7-4668-BE54-9A1E7A4F7556}") = "WebAPIMonitor.NETCore.KafkaTest", "WebAPIMonitor.NETCore.KafkaTest\WebAPIMonitor.NETCore.KafkaTest.csproj", "{D9CF5818-EDE0-47D0-961B-666A9EAD6353}"
EndProject
Project("{2150E333-8FDC-42A3-9474-1A3956D46DE8}") = "BusinessLogic 业务逻辑模块", "BusinessLogic 业务逻辑模块", "{68940556-DF68-4B21-9998-05E30BB7F922}"
EndProject
Project("{2150E333-8FDC-42A3-9474-1A3956D46DE8}") = "TestModule", "TestModule", "{9DE7A017-29C8-41E7-9F5F-99E225DE8CB9}"
EndProject
Project("{9A19103F-16F7-4668-BE54-9A1E7A4F7556}") = "WebAPIMonitor.NETCore.IBLL", "WebAPIMonitor.NETCore.IBLL\WebAPIMonitor.NETCore.IBLL.csproj", "{B302DEEB-EB1A-413A-A189-24C17AB68CBB}"
EndProject
Project("{9A19103F-16F7-4668-BE54-9A1E7A4F7556}") = "WebAPIMonitor.NETCore.TopshelfTest", "WebAPIMonitor.NETCore.TopshelfTest\WebAPIMonitor.NETCore.TopshelfTest.csproj", "{3BCBA03A-77F8-4216-AB5D-F12472276906}"
EndProject
Project("{2150E333-8FDC-42A3-9474-1A3956D46DE8}") = "DataBase 数据库模块", "DataBase 数据库模块", "{6BAFBF14-E345-417E-A382-A7D4CC7B15C8}"
EndProject
Project("{9A19103F-16F7-4668-BE54-9A1E7A4F7556}") = "DataBase", "DataBase\DataBase.csproj", "{C0DB2D58-93B7-458B-9768-8CD648C9CF89}"
EndProject
Project("{9A19103F-16F7-4668-BE54-9A1E7A4F7556}") = "Modules", "Modules\Modules.csproj", "{450568D8-E402-4988-9459-2B1053CDD38F}"
EndProject
Project("{9A19103F-16F7-4668-BE54-9A1E7A4F7556}") = "Mapping", "Mapping\Mapping.csproj", "{B2232ACB-17C2-4951-97FA-F796A028D4EF}"
EndProject
Project("{9A19103F-16F7-4668-BE54-9A1E7A4F7556}") = "DataBase.Config", "DataBase.Config\DataBase.Config.csproj", "{6DAE5704-AB7B-487E-A488-E8A95BCC6E59}"
EndProject
Project("{9A19103F-16F7-4668-BE54-9A1E7A4F7556}") = "DBFirstTest", "DBFirstTest\DBFirstTest.csproj", "{7A7690D2-8037-4A21-897C-60EE81D28D8D}"
EndProject
Project("{2150E333-8FDC-42A3-9474-1A3956D46DE8}") = "Util 基础模块", "Util 基础模块", "{85B63D69-B806-4AC2-B29F-7FE34FE74507}"
EndProject
Project("{FAE04EC0-301F-11D3-BF4B-00C04F79EFBC}") = "Util.GeoTool", "Util.GeoTool\Util.GeoTool.csproj", "{31FBF52F-C6E7-47CD-B9C3-7D0B879A258A}"
EndProject
Global
	GlobalSection(SolutionConfigurationPlatforms) = preSolution
		Debug|Any CPU = Debug|Any CPU
		Release|Any CPU = Release|Any CPU
	EndGlobalSection
	GlobalSection(ProjectConfigurationPlatforms) = postSolution
		{363AA0FB-3AB6-4097-8F11-A9A3099D8949}.Debug|Any CPU.ActiveCfg = Debug|Any CPU
		{363AA0FB-3AB6-4097-8F11-A9A3099D8949}.Debug|Any CPU.Build.0 = Debug|Any CPU
		{363AA0FB-3AB6-4097-8F11-A9A3099D8949}.Release|Any CPU.ActiveCfg = Release|Any CPU
		{363AA0FB-3AB6-4097-8F11-A9A3099D8949}.Release|Any CPU.Build.0 = Release|Any CPU
		{ECDFA788-4F7E-4B54-838D-4811CD90980D}.Debug|Any CPU.ActiveCfg = Debug|Any CPU
		{ECDFA788-4F7E-4B54-838D-4811CD90980D}.Debug|Any CPU.Build.0 = Debug|Any CPU
		{ECDFA788-4F7E-4B54-838D-4811CD90980D}.Release|Any CPU.ActiveCfg = Release|Any CPU
		{ECDFA788-4F7E-4B54-838D-4811CD90980D}.Release|Any CPU.Build.0 = Release|Any CPU
		{4104C0F9-FB63-40C1-A05E-1E8DB3B9AFEB}.Debug|Any CPU.ActiveCfg = Debug|Any CPU
		{4104C0F9-FB63-40C1-A05E-1E8DB3B9AFEB}.Debug|Any CPU.Build.0 = Debug|Any CPU
		{4104C0F9-FB63-40C1-A05E-1E8DB3B9AFEB}.Release|Any CPU.ActiveCfg = Release|Any CPU
		{4104C0F9-FB63-40C1-A05E-1E8DB3B9AFEB}.Release|Any CPU.Build.0 = Release|Any CPU
		{EE46CAE9-3C3F-40E5-93D9-A130ACABC6F0}.Debug|Any CPU.ActiveCfg = Debug|Any CPU
		{EE46CAE9-3C3F-40E5-93D9-A130ACABC6F0}.Debug|Any CPU.Build.0 = Debug|Any CPU
		{EE46CAE9-3C3F-40E5-93D9-A130ACABC6F0}.Release|Any CPU.ActiveCfg = Release|Any CPU
		{EE46CAE9-3C3F-40E5-93D9-A130ACABC6F0}.Release|Any CPU.Build.0 = Release|Any CPU
		{74BF6E81-099C-4A1B-8C5A-EFECBCC6A594}.Debug|Any CPU.ActiveCfg = Debug|Any CPU
		{74BF6E81-099C-4A1B-8C5A-EFECBCC6A594}.Debug|Any CPU.Build.0 = Debug|Any CPU
		{74BF6E81-099C-4A1B-8C5A-EFECBCC6A594}.Release|Any CPU.ActiveCfg = Release|Any CPU
		{74BF6E81-099C-4A1B-8C5A-EFECBCC6A594}.Release|Any CPU.Build.0 = Release|Any CPU
		{88A4E445-7EAD-4224-9EF0-5926B32D9D25}.Debug|Any CPU.ActiveCfg = Debug|Any CPU
		{88A4E445-7EAD-4224-9EF0-5926B32D9D25}.Debug|Any CPU.Build.0 = Debug|Any CPU
		{88A4E445-7EAD-4224-9EF0-5926B32D9D25}.Release|Any CPU.ActiveCfg = Release|Any CPU
		{88A4E445-7EAD-4224-9EF0-5926B32D9D25}.Release|Any CPU.Build.0 = Release|Any CPU
		{D9CF5818-EDE0-47D0-961B-666A9EAD6353}.Debug|Any CPU.ActiveCfg = Debug|Any CPU
		{D9CF5818-EDE0-47D0-961B-666A9EAD6353}.Debug|Any CPU.Build.0 = Debug|Any CPU
		{D9CF5818-EDE0-47D0-961B-666A9EAD6353}.Release|Any CPU.ActiveCfg = Release|Any CPU
		{D9CF5818-EDE0-47D0-961B-666A9EAD6353}.Release|Any CPU.Build.0 = Release|Any CPU
		{B302DEEB-EB1A-413A-A189-24C17AB68CBB}.Debug|Any CPU.ActiveCfg = Debug|Any CPU
		{B302DEEB-EB1A-413A-A189-24C17AB68CBB}.Debug|Any CPU.Build.0 = Debug|Any CPU
		{B302DEEB-EB1A-413A-A189-24C17AB68CBB}.Release|Any CPU.ActiveCfg = Release|Any CPU
		{B302DEEB-EB1A-413A-A189-24C17AB68CBB}.Release|Any CPU.Build.0 = Release|Any CPU
		{3BCBA03A-77F8-4216-AB5D-F12472276906}.Debug|Any CPU.ActiveCfg = Debug|Any CPU
		{3BCBA03A-77F8-4216-AB5D-F12472276906}.Debug|Any CPU.Build.0 = Debug|Any CPU
		{3BCBA03A-77F8-4216-AB5D-F12472276906}.Release|Any CPU.ActiveCfg = Release|Any CPU
		{3BCBA03A-77F8-4216-AB5D-F12472276906}.Release|Any CPU.Build.0 = Release|Any CPU
		{C0DB2D58-93B7-458B-9768-8CD648C9CF89}.Debug|Any CPU.ActiveCfg = Debug|Any CPU
		{C0DB2D58-93B7-458B-9768-8CD648C9CF89}.Debug|Any CPU.Build.0 = Debug|Any CPU
		{C0DB2D58-93B7-458B-9768-8CD648C9CF89}.Release|Any CPU.ActiveCfg = Release|Any CPU
		{C0DB2D58-93B7-458B-9768-8CD648C9CF89}.Release|Any CPU.Build.0 = Release|Any CPU
		{450568D8-E402-4988-9459-2B1053CDD38F}.Debug|Any CPU.ActiveCfg = Debug|Any CPU
		{450568D8-E402-4988-9459-2B1053CDD38F}.Debug|Any CPU.Build.0 = Debug|Any CPU
		{450568D8-E402-4988-9459-2B1053CDD38F}.Release|Any CPU.ActiveCfg = Release|Any CPU
		{450568D8-E402-4988-9459-2B1053CDD38F}.Release|Any CPU.Build.0 = Release|Any CPU
		{B2232ACB-17C2-4951-97FA-F796A028D4EF}.Debug|Any CPU.ActiveCfg = Debug|Any CPU
		{B2232ACB-17C2-4951-97FA-F796A028D4EF}.Debug|Any CPU.Build.0 = Debug|Any CPU
		{B2232ACB-17C2-4951-97FA-F796A028D4EF}.Release|Any CPU.ActiveCfg = Release|Any CPU
		{B2232ACB-17C2-4951-97FA-F796A028D4EF}.Release|Any CPU.Build.0 = Release|Any CPU
		{6DAE5704-AB7B-487E-A488-E8A95BCC6E59}.Debug|Any CPU.ActiveCfg = Debug|Any CPU
		{6DAE5704-AB7B-487E-A488-E8A95BCC6E59}.Debug|Any CPU.Build.0 = Debug|Any CPU
		{6DAE5704-AB7B-487E-A488-E8A95BCC6E59}.Release|Any CPU.ActiveCfg = Release|Any CPU
		{6DAE5704-AB7B-487E-A488-E8A95BCC6E59}.Release|Any CPU.Build.0 = Release|Any CPU
		{7A7690D2-8037-4A21-897C-60EE81D28D8D}.Debug|Any CPU.ActiveCfg = Debug|Any CPU
		{7A7690D2-8037-4A21-897C-60EE81D28D8D}.Debug|Any CPU.Build.0 = Debug|Any CPU
		{7A7690D2-8037-4A21-897C-60EE81D28D8D}.Release|Any CPU.ActiveCfg = Release|Any CPU
		{7A7690D2-8037-4A21-897C-60EE81D28D8D}.Release|Any CPU.Build.0 = Release|Any CPU
		{31FBF52F-C6E7-47CD-B9C3-7D0B879A258A}.Debug|Any CPU.ActiveCfg = Debug|Any CPU
		{31FBF52F-C6E7-47CD-B9C3-7D0B879A258A}.Debug|Any CPU.Build.0 = Debug|Any CPU
		{31FBF52F-C6E7-47CD-B9C3-7D0B879A258A}.Release|Any CPU.ActiveCfg = Release|Any CPU
		{31FBF52F-C6E7-47CD-B9C3-7D0B879A258A}.Release|Any CPU.Build.0 = Release|Any CPU
	EndGlobalSection
	GlobalSection(SolutionProperties) = preSolution
		HideSolutionNode = FALSE
	EndGlobalSection
	GlobalSection(NestedProjects) = preSolution
		{ECDFA788-4F7E-4B54-838D-4811CD90980D} = {9DE7A017-29C8-41E7-9F5F-99E225DE8CB9}
		{4104C0F9-FB63-40C1-A05E-1E8DB3B9AFEB} = {68940556-DF68-4B21-9998-05E30BB7F922}
		{EE46CAE9-3C3F-40E5-93D9-A130ACABC6F0} = {68940556-DF68-4B21-9998-05E30BB7F922}
		{D9CF5818-EDE0-47D0-961B-666A9EAD6353} = {9DE7A017-29C8-41E7-9F5F-99E225DE8CB9}
		{B302DEEB-EB1A-413A-A189-24C17AB68CBB} = {68940556-DF68-4B21-9998-05E30BB7F922}
		{3BCBA03A-77F8-4216-AB5D-F12472276906} = {9DE7A017-29C8-41E7-9F5F-99E225DE8CB9}
		{C0DB2D58-93B7-458B-9768-8CD648C9CF89} = {6BAFBF14-E345-417E-A382-A7D4CC7B15C8}
		{450568D8-E402-4988-9459-2B1053CDD38F} = {6BAFBF14-E345-417E-A382-A7D4CC7B15C8}
		{B2232ACB-17C2-4951-97FA-F796A028D4EF} = {6BAFBF14-E345-417E-A382-A7D4CC7B15C8}
		{6DAE5704-AB7B-487E-A488-E8A95BCC6E59} = {6BAFBF14-E345-417E-A382-A7D4CC7B15C8}
		{7A7690D2-8037-4A21-897C-60EE81D28D8D} = {6BAFBF14-E345-417E-A382-A7D4CC7B15C8}
		{31FBF52F-C6E7-47CD-B9C3-7D0B879A258A} = {85B63D69-B806-4AC2-B29F-7FE34FE74507}
	EndGlobalSection
	GlobalSection(ExtensibilityGlobals) = postSolution
		SolutionGuid = {E5F7C1DF-1884-48D4-978A-D7BCFA660D2A}
	EndGlobalSection
EndGlobal
